<?xml version="1.0" encoding="UTF-8"?>
<!DOCTYPE plist PUBLIC "-//Apple//DTD PLIST 1.0//EN" "http://www.apple.com/DTDs/PropertyList-1.0.dtd">
<plist version="1.0">
<dict>
	<key>archiveVersion</key>
	<string>1</string>
	<key>classes</key>
	<dict/>
	<key>objectVersion</key>
	<string>46</string>
	<key>objects</key>
	<dict>
		<key>1F1F1E79ECA183B28986D7CB</key>
		<dict>
			<key>includeInIndex</key>
			<string>1</string>
			<key>isa</key>
			<string>PBXFileReference</string>
			<key>lastKnownFileType</key>
			<string>text.xcconfig</string>
			<key>name</key>
			<string>Pods-DJFit.release.xcconfig</string>
			<key>path</key>
			<string>Pods/Target Support Files/Pods-DJFit/Pods-DJFit.release.xcconfig</string>
			<key>sourceTree</key>
			<string>&lt;group&gt;</string>
		</dict>
		<key>283A19CB4F25010A074B0963</key>
		<dict>
			<key>children</key>
			<array>
				<string>90E89AC91A22E0300096FCDB</string>
				<string>90E89ACA1A22E0300096FCDB</string>
				<string>908796571A1D345B00786C11</string>
				<string>908796581A1D345B00786C11</string>
				<string>908796551A1CF9CB00786C11</string>
				<string>9041606E1A1BB5660037B130</string>
				<string>9041606C1A1BB55D0037B130</string>
				<string>9041606A1A1BB5570037B130</string>
				<string>904160681A1BB5500037B130</string>
				<string>904160661A1BB54A0037B130</string>
				<string>904160641A1BB53D0037B130</string>
				<string>904160621A1BB5380037B130</string>
				<string>904160561A1B0B560037B130</string>
				<string>900D22731A1A922E00A9E5EB</string>
				<string>6F686FC02840E00D590D7258</string>
				<string>9194DB313DE51473F899526D</string>
			</array>
			<key>isa</key>
			<string>PBXGroup</string>
			<key>name</key>
			<string>Frameworks</string>
			<key>sourceTree</key>
			<string>&lt;group&gt;</string>
		</dict>
		<key>4255C9E7EF1DA1CF9ADC1EC8</key>
		<dict>
			<key>children</key>
			<array>
				<string>B75CEC059837364CAE33A9FE</string>
				<string>1F1F1E79ECA183B28986D7CB</string>
				<string>AF9FBD5A3FCECAC31671FD14</string>
				<string>4FB270338BCAC1E98812CF39</string>
			</array>
			<key>isa</key>
			<string>PBXGroup</string>
			<key>name</key>
			<string>Pods</string>
			<key>sourceTree</key>
			<string>&lt;group&gt;</string>
		</dict>
		<key>4FB270338BCAC1E98812CF39</key>
		<dict>
			<key>includeInIndex</key>
			<string>1</string>
			<key>isa</key>
			<string>PBXFileReference</string>
			<key>lastKnownFileType</key>
			<string>text.xcconfig</string>
			<key>name</key>
			<string>Pods.release.xcconfig</string>
			<key>path</key>
			<string>Pods/Target Support Files/Pods/Pods.release.xcconfig</string>
			<key>sourceTree</key>
			<string>&lt;group&gt;</string>
		</dict>
		<key>6F686FC02840E00D590D7258</key>
		<dict>
			<key>explicitFileType</key>
			<string>archive.ar</string>
			<key>includeInIndex</key>
			<string>0</string>
			<key>isa</key>
			<string>PBXFileReference</string>
			<key>path</key>
			<string>libPods-DJFit.a</string>
			<key>sourceTree</key>
			<string>BUILT_PRODUCTS_DIR</string>
		</dict>
		<key>73709458E23AC34AC33CAEFC</key>
		<dict>
			<key>buildActionMask</key>
			<string>2147483647</string>
			<key>files</key>
			<array/>
			<key>inputPaths</key>
			<array/>
			<key>isa</key>
			<string>PBXShellScriptBuildPhase</string>
			<key>name</key>
			<string>Check Pods Manifest.lock</string>
			<key>outputPaths</key>
			<array/>
			<key>runOnlyForDeploymentPostprocessing</key>
			<string>0</string>
			<key>shellPath</key>
			<string>/bin/sh</string>
			<key>shellScript</key>
			<string>diff "${PODS_ROOT}/../Podfile.lock" "${PODS_ROOT}/Manifest.lock" &gt; /dev/null
if [[ $? != 0 ]] ; then
    cat &lt;&lt; EOM
error: The sandbox is not in sync with the Podfile.lock. Run 'pod install' or update your CocoaPods installation.
EOM
    exit 1
fi
</string>
			<key>showEnvVarsInLog</key>
			<string>0</string>
		</dict>
		<key>8E3950638089EF72997F7A9E</key>
		<dict>
			<key>fileRef</key>
			<string>6F686FC02840E00D590D7258</string>
			<key>isa</key>
			<string>PBXBuildFile</string>
		</dict>
		<key>900D223E1A1A91CB00A9E5EB</key>
		<dict>
			<key>children</key>
			<array>
				<string>90CBF4AE1A1AC6760029EFE2</string>
				<string>900D22491A1A91CB00A9E5EB</string>
				<string>900D22661A1A91CC00A9E5EB</string>
				<string>900D22481A1A91CB00A9E5EB</string>
				<string>4255C9E7EF1DA1CF9ADC1EC8</string>
				<string>283A19CB4F25010A074B0963</string>
			</array>
			<key>isa</key>
			<string>PBXGroup</string>
			<key>sourceTree</key>
			<string>&lt;group&gt;</string>
		</dict>
		<key>900D223F1A1A91CB00A9E5EB</key>
		<dict>
			<key>attributes</key>
			<dict>
				<key>LastUpgradeCheck</key>
				<string>0610</string>
				<key>ORGANIZATIONNAME</key>
				<string>Taylor Ledingham</string>
				<key>TargetAttributes</key>
				<dict>
					<key>900D22461A1A91CB00A9E5EB</key>
					<dict>
						<key>CreatedOnToolsVersion</key>
						<string>6.1</string>
						<key>DevelopmentTeam</key>
						<string>S8X486LY33</string>
						<key>SystemCapabilities</key>
						<dict>
							<key>com.apple.HealthKit</key>
							<dict>
								<key>enabled</key>
								<string>1</string>
							</dict>
						</dict>
					</dict>
					<key>900D22621A1A91CC00A9E5EB</key>
					<dict>
						<key>CreatedOnToolsVersion</key>
						<string>6.1</string>
						<key>TestTargetID</key>
						<string>900D22461A1A91CB00A9E5EB</string>
					</dict>
				</dict>
			</dict>
			<key>buildConfigurationList</key>
			<string>900D22421A1A91CB00A9E5EB</string>
			<key>compatibilityVersion</key>
			<string>Xcode 3.2</string>
			<key>developmentRegion</key>
			<string>English</string>
			<key>hasScannedForEncodings</key>
			<string>0</string>
			<key>isa</key>
			<string>PBXProject</string>
			<key>knownRegions</key>
			<array>
				<string>en</string>
				<string>Base</string>
			</array>
			<key>mainGroup</key>
			<string>900D223E1A1A91CB00A9E5EB</string>
			<key>productRefGroup</key>
			<string>900D22481A1A91CB00A9E5EB</string>
			<key>projectDirPath</key>
			<string></string>
			<key>projectReferences</key>
			<array/>
			<key>projectRoot</key>
			<string></string>
			<key>targets</key>
			<array>
				<string>900D22461A1A91CB00A9E5EB</string>
				<string>900D22621A1A91CC00A9E5EB</string>
			</array>
		</dict>
		<key>900D22421A1A91CB00A9E5EB</key>
		<dict>
			<key>buildConfigurations</key>
			<array>
				<string>900D226B1A1A91CC00A9E5EB</string>
				<string>900D226C1A1A91CC00A9E5EB</string>
			</array>
			<key>defaultConfigurationIsVisible</key>
			<string>0</string>
			<key>defaultConfigurationName</key>
			<string>Release</string>
			<key>isa</key>
			<string>XCConfigurationList</string>
		</dict>
		<key>900D22431A1A91CB00A9E5EB</key>
		<dict>
			<key>buildActionMask</key>
			<string>2147483647</string>
			<key>files</key>
			<array>
				<string>90E89AC51A22A1CE0096FCDB</string>
				<string>90D399211A1E7B5200960359</string>
				<string>9041605D1A1B0D4C0037B130</string>
				<string>90671DBA1A218B2100CBBE26</string>
				<string>90E0CC241A1BE59800F73FA8</string>
				<string>900D22501A1A91CB00A9E5EB</string>
				<string>900D22531A1A91CC00A9E5EB</string>
				<string>90E0CC1E1A1BD34800F73FA8</string>
				<string>904160601A1B0D4D0037B130</string>
				<string>900D227B1A1A9D9500A9E5EB</string>
				<string>900D227E1A1AAC0800A9E5EB</string>
				<string>9087D5D91A1AED7100C3C5BD</string>
				<string>9087D5CD1A1ACFE300C3C5BD</string>
				<string>908796591A1D345B00786C11</string>
				<string>900D224D1A1A91CB00A9E5EB</string>
				<string>9041605A1A1B0D4C0037B130</string>
				<string>908D36B01A1E703B0003F18E</string>
				<string>90CBF4AD1A1AC0860029EFE2</string>
				<string>900D22781A1A996900A9E5EB</string>
				<string>90E89ACB1A22E0300096FCDB</string>
				<string>9087D5D01A1AD02A00C3C5BD</string>
				<string>904160511A1B0A420037B130</string>
				<string>90E0CC211A1BDC8700F73FA8</string>
			</array>
			<key>isa</key>
			<string>PBXSourcesBuildPhase</string>
			<key>runOnlyForDeploymentPostprocessing</key>
			<string>0</string>
		</dict>
		<key>900D22441A1A91CB00A9E5EB</key>
		<dict>
			<key>buildActionMask</key>
			<string>2147483647</string>
			<key>files</key>
			<array>
				<string>908796561A1CF9CB00786C11</string>
				<string>9041606F1A1BB5660037B130</string>
				<string>9041606D1A1BB55D0037B130</string>
				<string>9041606B1A1BB5570037B130</string>
				<string>904160711A1BB5780037B130</string>
				<string>904160751A1BB58C0037B130</string>
				<string>904160691A1BB5500037B130</string>
				<string>904160671A1BB54A0037B130</string>
				<string>904160651A1BB53D0037B130</string>
				<string>904160631A1BB5380037B130</string>
				<string>904160571A1B0B560037B130</string>
				<string>900D22741A1A922E00A9E5EB</string>
				<string>8E3950638089EF72997F7A9E</string>
				<string>F068469F1A848B4C48500388</string>
			</array>
			<key>isa</key>
			<string>PBXFrameworksBuildPhase</string>
			<key>runOnlyForDeploymentPostprocessing</key>
			<string>0</string>
		</dict>
		<key>900D22451A1A91CB00A9E5EB</key>
		<dict>
			<key>buildActionMask</key>
			<string>2147483647</string>
			<key>files</key>
			<array>
				<string>900D22591A1A91CC00A9E5EB</string>
				<string>900D225E1A1A91CC00A9E5EB</string>
				<string>9087965B1A1D928100786C11</string>
				<string>90CBF4AF1A1AC6760029EFE2</string>
				<string>900D225B1A1A91CC00A9E5EB</string>
			</array>
			<key>isa</key>
			<string>PBXResourcesBuildPhase</string>
			<key>runOnlyForDeploymentPostprocessing</key>
			<string>0</string>
		</dict>
		<key>900D22461A1A91CB00A9E5EB</key>
		<dict>
			<key>buildConfigurationList</key>
			<string>900D226D1A1A91CC00A9E5EB</string>
			<key>buildPhases</key>
			<array>
				<string>73709458E23AC34AC33CAEFC</string>
				<string>900D22431A1A91CB00A9E5EB</string>
				<string>900D22441A1A91CB00A9E5EB</string>
				<string>900D22451A1A91CB00A9E5EB</string>
				<string>9A9FCA203229A2FFFE533325</string>
			</array>
			<key>buildRules</key>
			<array/>
			<key>dependencies</key>
			<array/>
			<key>isa</key>
			<string>PBXNativeTarget</string>
			<key>name</key>
			<string>DJFit</string>
			<key>productName</key>
			<string>DJFit</string>
			<key>productReference</key>
			<string>900D22471A1A91CB00A9E5EB</string>
			<key>productType</key>
			<string>com.apple.product-type.application</string>
		</dict>
		<key>900D22471A1A91CB00A9E5EB</key>
		<dict>
			<key>explicitFileType</key>
			<string>wrapper.application</string>
			<key>includeInIndex</key>
			<string>0</string>
			<key>isa</key>
			<string>PBXFileReference</string>
			<key>path</key>
			<string>DJFit.app</string>
			<key>sourceTree</key>
			<string>BUILT_PRODUCTS_DIR</string>
		</dict>
		<key>900D22481A1A91CB00A9E5EB</key>
		<dict>
			<key>children</key>
			<array>
				<string>900D22471A1A91CB00A9E5EB</string>
				<string>900D22631A1A91CC00A9E5EB</string>
			</array>
			<key>isa</key>
			<string>PBXGroup</string>
			<key>name</key>
			<string>Products</string>
			<key>sourceTree</key>
			<string>&lt;group&gt;</string>
		</dict>
		<key>900D22491A1A91CB00A9E5EB</key>
		<dict>
			<key>children</key>
			<array>
				<string>904160761A1BB5E50037B130</string>
				<string>904160611A1B0D540037B130</string>
				<string>9041604F1A1B0A420037B130</string>
				<string>904160501A1B0A420037B130</string>
				<string>9087D5DA1A1AED8100C3C5BD</string>
				<string>900D22751A1A922E00A9E5EB</string>
				<string>900D224E1A1A91CB00A9E5EB</string>
				<string>900D224F1A1A91CB00A9E5EB</string>
				<string>9087D5CB1A1ACFE300C3C5BD</string>
				<string>9087D5CC1A1ACFE300C3C5BD</string>
				<string>9087D5CE1A1AD02A00C3C5BD</string>
				<string>9087D5CF1A1AD02A00C3C5BD</string>
				<string>90E89AC31A22A1CE0096FCDB</string>
				<string>90E89AC41A22A1CE0096FCDB</string>
				<string>90D3991F1A1E7B5200960359</string>
				<string>90D399201A1E7B5200960359</string>
				<string>900D22571A1A91CC00A9E5EB</string>
				<string>90671DB81A218B2100CBBE26</string>
				<string>90671DB91A218B2100CBBE26</string>
				<string>908D36AE1A1E703B0003F18E</string>
				<string>908D36AF1A1E703B0003F18E</string>
				<string>90E0CC1C1A1BD34800F73FA8</string>
				<string>90E0CC1D1A1BD34800F73FA8</string>
				<string>90E0CC221A1BE59800F73FA8</string>
				<string>90E0CC231A1BE59800F73FA8</string>
				<string>9087D5D71A1AED7100C3C5BD</string>
				<string>9087D5D81A1AED7100C3C5BD</string>
				<string>90CBF4AB1A1AC0860029EFE2</string>
				<string>90CBF4AC1A1AC0860029EFE2</string>
				<string>900D225A1A1A91CC00A9E5EB</string>
				<string>900D225C1A1A91CC00A9E5EB</string>
				<string>900D22511A1A91CC00A9E5EB</string>
				<string>900D224A1A1A91CB00A9E5EB</string>
			</array>
			<key>isa</key>
			<string>PBXGroup</string>
			<key>path</key>
			<string>DJFit</string>
			<key>sourceTree</key>
			<string>&lt;group&gt;</string>
		</dict>
		<key>900D224A1A1A91CB00A9E5EB</key>
		<dict>
			<key>children</key>
			<array>
				<string>900D224B1A1A91CB00A9E5EB</string>
				<string>900D224C1A1A91CB00A9E5EB</string>
			</array>
			<key>isa</key>
			<string>PBXGroup</string>
			<key>name</key>
			<string>Supporting Files</string>
			<key>sourceTree</key>
			<string>&lt;group&gt;</string>
		</dict>
		<key>900D224B1A1A91CB00A9E5EB</key>
		<dict>
			<key>isa</key>
			<string>PBXFileReference</string>
			<key>lastKnownFileType</key>
			<string>text.plist.xml</string>
			<key>path</key>
			<string>Info.plist</string>
			<key>sourceTree</key>
			<string>&lt;group&gt;</string>
		</dict>
		<key>900D224C1A1A91CB00A9E5EB</key>
		<dict>
			<key>isa</key>
			<string>PBXFileReference</string>
			<key>lastKnownFileType</key>
			<string>sourcecode.c.objc</string>
			<key>path</key>
			<string>main.m</string>
			<key>sourceTree</key>
			<string>&lt;group&gt;</string>
		</dict>
		<key>900D224D1A1A91CB00A9E5EB</key>
		<dict>
			<key>fileRef</key>
			<string>900D224C1A1A91CB00A9E5EB</string>
			<key>isa</key>
			<string>PBXBuildFile</string>
		</dict>
		<key>900D224E1A1A91CB00A9E5EB</key>
		<dict>
			<key>isa</key>
			<string>PBXFileReference</string>
			<key>lastKnownFileType</key>
			<string>sourcecode.c.h</string>
			<key>path</key>
			<string>AppDelegate.h</string>
			<key>sourceTree</key>
			<string>&lt;group&gt;</string>
		</dict>
		<key>900D224F1A1A91CB00A9E5EB</key>
		<dict>
			<key>isa</key>
			<string>PBXFileReference</string>
			<key>lastKnownFileType</key>
			<string>sourcecode.c.objc</string>
			<key>path</key>
			<string>AppDelegate.m</string>
			<key>sourceTree</key>
			<string>&lt;group&gt;</string>
		</dict>
		<key>900D22501A1A91CB00A9E5EB</key>
		<dict>
			<key>fileRef</key>
			<string>900D224F1A1A91CB00A9E5EB</string>
			<key>isa</key>
			<string>PBXBuildFile</string>
		</dict>
		<key>900D22511A1A91CC00A9E5EB</key>
		<dict>
			<key>children</key>
			<array>
				<string>900D22521A1A91CC00A9E5EB</string>
			</array>
			<key>currentVersion</key>
			<string>900D22521A1A91CC00A9E5EB</string>
			<key>isa</key>
			<string>XCVersionGroup</string>
			<key>path</key>
			<string>DJFit.xcdatamodeld</string>
			<key>sourceTree</key>
			<string>&lt;group&gt;</string>
			<key>versionGroupType</key>
			<string>wrapper.xcdatamodel</string>
		</dict>
		<key>900D22521A1A91CC00A9E5EB</key>
		<dict>
			<key>isa</key>
			<string>PBXFileReference</string>
			<key>lastKnownFileType</key>
			<string>wrapper.xcdatamodel</string>
			<key>path</key>
			<string>DJFit.xcdatamodel</string>
			<key>sourceTree</key>
			<string>&lt;group&gt;</string>
		</dict>
		<key>900D22531A1A91CC00A9E5EB</key>
		<dict>
			<key>fileRef</key>
			<string>900D22511A1A91CC00A9E5EB</string>
			<key>isa</key>
			<string>PBXBuildFile</string>
		</dict>
		<key>900D22571A1A91CC00A9E5EB</key>
		<dict>
			<key>children</key>
			<array>
				<string>900D22581A1A91CC00A9E5EB</string>
			</array>
			<key>isa</key>
			<string>PBXVariantGroup</string>
			<key>name</key>
			<string>Main.storyboard</string>
			<key>sourceTree</key>
			<string>&lt;group&gt;</string>
		</dict>
		<key>900D22581A1A91CC00A9E5EB</key>
		<dict>
			<key>isa</key>
			<string>PBXFileReference</string>
			<key>lastKnownFileType</key>
			<string>file.storyboard</string>
			<key>name</key>
			<string>Base</string>
			<key>path</key>
			<string>Base.lproj/Main.storyboard</string>
			<key>sourceTree</key>
			<string>&lt;group&gt;</string>
		</dict>
		<key>900D22591A1A91CC00A9E5EB</key>
		<dict>
			<key>fileRef</key>
			<string>900D22571A1A91CC00A9E5EB</string>
			<key>isa</key>
			<string>PBXBuildFile</string>
		</dict>
		<key>900D225A1A1A91CC00A9E5EB</key>
		<dict>
			<key>isa</key>
			<string>PBXFileReference</string>
			<key>lastKnownFileType</key>
			<string>folder.assetcatalog</string>
			<key>path</key>
			<string>Images.xcassets</string>
			<key>sourceTree</key>
			<string>&lt;group&gt;</string>
		</dict>
		<key>900D225B1A1A91CC00A9E5EB</key>
		<dict>
			<key>fileRef</key>
			<string>900D225A1A1A91CC00A9E5EB</string>
			<key>isa</key>
			<string>PBXBuildFile</string>
		</dict>
		<key>900D225C1A1A91CC00A9E5EB</key>
		<dict>
			<key>children</key>
			<array>
				<string>900D225D1A1A91CC00A9E5EB</string>
			</array>
			<key>isa</key>
			<string>PBXVariantGroup</string>
			<key>name</key>
			<string>LaunchScreen.xib</string>
			<key>sourceTree</key>
			<string>&lt;group&gt;</string>
		</dict>
		<key>900D225D1A1A91CC00A9E5EB</key>
		<dict>
			<key>isa</key>
			<string>PBXFileReference</string>
			<key>lastKnownFileType</key>
			<string>file.xib</string>
			<key>name</key>
			<string>Base</string>
			<key>path</key>
			<string>Base.lproj/LaunchScreen.xib</string>
			<key>sourceTree</key>
			<string>&lt;group&gt;</string>
		</dict>
		<key>900D225E1A1A91CC00A9E5EB</key>
		<dict>
			<key>fileRef</key>
			<string>900D225C1A1A91CC00A9E5EB</string>
			<key>isa</key>
			<string>PBXBuildFile</string>
		</dict>
		<key>900D225F1A1A91CC00A9E5EB</key>
		<dict>
			<key>buildActionMask</key>
			<string>2147483647</string>
			<key>files</key>
			<array>
				<string>900D226A1A1A91CC00A9E5EB</string>
			</array>
			<key>isa</key>
			<string>PBXSourcesBuildPhase</string>
			<key>runOnlyForDeploymentPostprocessing</key>
			<string>0</string>
		</dict>
		<key>900D22601A1A91CC00A9E5EB</key>
		<dict>
			<key>buildActionMask</key>
			<string>2147483647</string>
			<key>files</key>
			<array/>
			<key>isa</key>
			<string>PBXFrameworksBuildPhase</string>
			<key>runOnlyForDeploymentPostprocessing</key>
			<string>0</string>
		</dict>
		<key>900D22611A1A91CC00A9E5EB</key>
		<dict>
			<key>buildActionMask</key>
			<string>2147483647</string>
			<key>files</key>
			<array/>
			<key>isa</key>
			<string>PBXResourcesBuildPhase</string>
			<key>runOnlyForDeploymentPostprocessing</key>
			<string>0</string>
		</dict>
		<key>900D22621A1A91CC00A9E5EB</key>
		<dict>
			<key>buildConfigurationList</key>
			<string>900D22701A1A91CC00A9E5EB</string>
			<key>buildPhases</key>
			<array>
				<string>900D225F1A1A91CC00A9E5EB</string>
				<string>900D22601A1A91CC00A9E5EB</string>
				<string>900D22611A1A91CC00A9E5EB</string>
			</array>
			<key>buildRules</key>
			<array/>
			<key>dependencies</key>
			<array>
				<string>900D22651A1A91CC00A9E5EB</string>
			</array>
			<key>isa</key>
			<string>PBXNativeTarget</string>
			<key>name</key>
			<string>DJFitTests</string>
			<key>productName</key>
			<string>DJFitTests</string>
			<key>productReference</key>
			<string>900D22631A1A91CC00A9E5EB</string>
			<key>productType</key>
			<string>com.apple.product-type.bundle.unit-test</string>
		</dict>
		<key>900D22631A1A91CC00A9E5EB</key>
		<dict>
			<key>explicitFileType</key>
			<string>wrapper.cfbundle</string>
			<key>includeInIndex</key>
			<string>0</string>
			<key>isa</key>
			<string>PBXFileReference</string>
			<key>path</key>
			<string>DJFitTests.xctest</string>
			<key>sourceTree</key>
			<string>BUILT_PRODUCTS_DIR</string>
		</dict>
		<key>900D22641A1A91CC00A9E5EB</key>
		<dict>
			<key>containerPortal</key>
			<string>900D223F1A1A91CB00A9E5EB</string>
			<key>isa</key>
			<string>PBXContainerItemProxy</string>
			<key>proxyType</key>
			<string>1</string>
			<key>remoteGlobalIDString</key>
			<string>900D22461A1A91CB00A9E5EB</string>
			<key>remoteInfo</key>
			<string>DJFit</string>
		</dict>
		<key>900D22651A1A91CC00A9E5EB</key>
		<dict>
			<key>isa</key>
			<string>PBXTargetDependency</string>
			<key>target</key>
			<string>900D22461A1A91CB00A9E5EB</string>
			<key>targetProxy</key>
			<string>900D22641A1A91CC00A9E5EB</string>
		</dict>
		<key>900D22661A1A91CC00A9E5EB</key>
		<dict>
			<key>children</key>
			<array>
				<string>900D22691A1A91CC00A9E5EB</string>
				<string>900D22671A1A91CC00A9E5EB</string>
			</array>
			<key>isa</key>
			<string>PBXGroup</string>
			<key>path</key>
			<string>DJFitTests</string>
			<key>sourceTree</key>
			<string>&lt;group&gt;</string>
		</dict>
		<key>900D22671A1A91CC00A9E5EB</key>
		<dict>
			<key>children</key>
			<array>
				<string>900D22681A1A91CC00A9E5EB</string>
			</array>
			<key>isa</key>
			<string>PBXGroup</string>
			<key>name</key>
			<string>Supporting Files</string>
			<key>sourceTree</key>
			<string>&lt;group&gt;</string>
		</dict>
		<key>900D22681A1A91CC00A9E5EB</key>
		<dict>
			<key>isa</key>
			<string>PBXFileReference</string>
			<key>lastKnownFileType</key>
			<string>text.plist.xml</string>
			<key>path</key>
			<string>Info.plist</string>
			<key>sourceTree</key>
			<string>&lt;group&gt;</string>
		</dict>
		<key>900D22691A1A91CC00A9E5EB</key>
		<dict>
			<key>isa</key>
			<string>PBXFileReference</string>
			<key>lastKnownFileType</key>
			<string>sourcecode.c.objc</string>
			<key>path</key>
			<string>DJFitTests.m</string>
			<key>sourceTree</key>
			<string>&lt;group&gt;</string>
		</dict>
		<key>900D226A1A1A91CC00A9E5EB</key>
		<dict>
			<key>fileRef</key>
			<string>900D22691A1A91CC00A9E5EB</string>
			<key>isa</key>
			<string>PBXBuildFile</string>
		</dict>
		<key>900D226B1A1A91CC00A9E5EB</key>
		<dict>
			<key>buildSettings</key>
			<dict>
				<key>ALWAYS_SEARCH_USER_PATHS</key>
				<string>NO</string>
				<key>CLANG_CXX_LANGUAGE_STANDARD</key>
				<string>gnu++0x</string>
				<key>CLANG_CXX_LIBRARY</key>
				<string>libc++</string>
				<key>CLANG_ENABLE_MODULES</key>
				<string>YES</string>
				<key>CLANG_ENABLE_OBJC_ARC</key>
				<string>YES</string>
				<key>CLANG_WARN_BOOL_CONVERSION</key>
				<string>YES</string>
				<key>CLANG_WARN_CONSTANT_CONVERSION</key>
				<string>YES</string>
				<key>CLANG_WARN_DIRECT_OBJC_ISA_USAGE</key>
				<string>YES_ERROR</string>
				<key>CLANG_WARN_EMPTY_BODY</key>
				<string>YES</string>
				<key>CLANG_WARN_ENUM_CONVERSION</key>
				<string>YES</string>
				<key>CLANG_WARN_INT_CONVERSION</key>
				<string>YES</string>
				<key>CLANG_WARN_OBJC_ROOT_CLASS</key>
				<string>YES_ERROR</string>
				<key>CLANG_WARN_UNREACHABLE_CODE</key>
				<string>YES</string>
				<key>CLANG_WARN__DUPLICATE_METHOD_MATCH</key>
				<string>YES</string>
				<key>CODE_SIGN_IDENTITY[sdk=iphoneos*]</key>
				<string>iPhone Developer</string>
				<key>COPY_PHASE_STRIP</key>
				<string>NO</string>
				<key>ENABLE_STRICT_OBJC_MSGSEND</key>
				<string>YES</string>
				<key>GCC_C_LANGUAGE_STANDARD</key>
				<string>gnu99</string>
				<key>GCC_DYNAMIC_NO_PIC</key>
				<string>NO</string>
				<key>GCC_OPTIMIZATION_LEVEL</key>
				<string>0</string>
				<key>GCC_PREPROCESSOR_DEFINITIONS</key>
				<array>
					<string>DEBUG=1</string>
					<string>$(inherited)</string>
				</array>
				<key>GCC_SYMBOLS_PRIVATE_EXTERN</key>
				<string>NO</string>
				<key>GCC_WARN_64_TO_32_BIT_CONVERSION</key>
				<string>YES</string>
				<key>GCC_WARN_ABOUT_RETURN_TYPE</key>
				<string>YES_ERROR</string>
				<key>GCC_WARN_UNDECLARED_SELECTOR</key>
				<string>YES</string>
				<key>GCC_WARN_UNINITIALIZED_AUTOS</key>
				<string>YES_AGGRESSIVE</string>
				<key>GCC_WARN_UNUSED_FUNCTION</key>
				<string>YES</string>
				<key>GCC_WARN_UNUSED_VARIABLE</key>
				<string>YES</string>
				<key>IPHONEOS_DEPLOYMENT_TARGET</key>
				<string>8.1</string>
				<key>MTL_ENABLE_DEBUG_INFO</key>
				<string>YES</string>
				<key>ONLY_ACTIVE_ARCH</key>
				<string>YES</string>
				<key>SDKROOT</key>
				<string>iphoneos</string>
			</dict>
			<key>isa</key>
			<string>XCBuildConfiguration</string>
			<key>name</key>
			<string>Debug</string>
		</dict>
		<key>900D226C1A1A91CC00A9E5EB</key>
		<dict>
			<key>buildSettings</key>
			<dict>
				<key>ALWAYS_SEARCH_USER_PATHS</key>
				<string>NO</string>
				<key>CLANG_CXX_LANGUAGE_STANDARD</key>
				<string>gnu++0x</string>
				<key>CLANG_CXX_LIBRARY</key>
				<string>libc++</string>
				<key>CLANG_ENABLE_MODULES</key>
				<string>YES</string>
				<key>CLANG_ENABLE_OBJC_ARC</key>
				<string>YES</string>
				<key>CLANG_WARN_BOOL_CONVERSION</key>
				<string>YES</string>
				<key>CLANG_WARN_CONSTANT_CONVERSION</key>
				<string>YES</string>
				<key>CLANG_WARN_DIRECT_OBJC_ISA_USAGE</key>
				<string>YES_ERROR</string>
				<key>CLANG_WARN_EMPTY_BODY</key>
				<string>YES</string>
				<key>CLANG_WARN_ENUM_CONVERSION</key>
				<string>YES</string>
				<key>CLANG_WARN_INT_CONVERSION</key>
				<string>YES</string>
				<key>CLANG_WARN_OBJC_ROOT_CLASS</key>
				<string>YES_ERROR</string>
				<key>CLANG_WARN_UNREACHABLE_CODE</key>
				<string>YES</string>
				<key>CLANG_WARN__DUPLICATE_METHOD_MATCH</key>
				<string>YES</string>
				<key>CODE_SIGN_IDENTITY[sdk=iphoneos*]</key>
				<string>iPhone Developer</string>
				<key>COPY_PHASE_STRIP</key>
				<string>YES</string>
				<key>ENABLE_NS_ASSERTIONS</key>
				<string>NO</string>
				<key>ENABLE_STRICT_OBJC_MSGSEND</key>
				<string>YES</string>
				<key>GCC_C_LANGUAGE_STANDARD</key>
				<string>gnu99</string>
				<key>GCC_WARN_64_TO_32_BIT_CONVERSION</key>
				<string>YES</string>
				<key>GCC_WARN_ABOUT_RETURN_TYPE</key>
				<string>YES_ERROR</string>
				<key>GCC_WARN_UNDECLARED_SELECTOR</key>
				<string>YES</string>
				<key>GCC_WARN_UNINITIALIZED_AUTOS</key>
				<string>YES_AGGRESSIVE</string>
				<key>GCC_WARN_UNUSED_FUNCTION</key>
				<string>YES</string>
				<key>GCC_WARN_UNUSED_VARIABLE</key>
				<string>YES</string>
				<key>IPHONEOS_DEPLOYMENT_TARGET</key>
				<string>8.1</string>
				<key>MTL_ENABLE_DEBUG_INFO</key>
				<string>NO</string>
				<key>SDKROOT</key>
				<string>iphoneos</string>
				<key>VALIDATE_PRODUCT</key>
				<string>YES</string>
			</dict>
			<key>isa</key>
			<string>XCBuildConfiguration</string>
			<key>name</key>
			<string>Release</string>
		</dict>
		<key>900D226D1A1A91CC00A9E5EB</key>
		<dict>
			<key>buildConfigurations</key>
			<array>
				<string>900D226E1A1A91CC00A9E5EB</string>
				<string>900D226F1A1A91CC00A9E5EB</string>
			</array>
			<key>defaultConfigurationIsVisible</key>
			<string>0</string>
			<key>defaultConfigurationName</key>
			<string>Release</string>
			<key>isa</key>
			<string>XCConfigurationList</string>
		</dict>
		<key>900D226E1A1A91CC00A9E5EB</key>
		<dict>
			<key>baseConfigurationReference</key>
			<string>AF9FBD5A3FCECAC31671FD14</string>
			<key>buildSettings</key>
			<dict>
				<key>ASSETCATALOG_COMPILER_APPICON_NAME</key>
				<string>AppIcon</string>
				<key>CODE_SIGN_ENTITLEMENTS</key>
				<string>DJFit/DJFit.entitlements</string>
				<key>CODE_SIGN_IDENTITY</key>
				<string>iPhone Developer</string>
				<key>CODE_SIGN_IDENTITY[sdk=iphoneos*]</key>
				<string>iPhone Developer</string>
				<key>INFOPLIST_FILE</key>
				<string>DJFit/Info.plist</string>
				<key>IPHONEOS_DEPLOYMENT_TARGET</key>
				<string>8.0</string>
				<key>LD_RUNPATH_SEARCH_PATHS</key>
				<string>$(inherited) @executable_path/Frameworks</string>
				<key>LIBRARY_SEARCH_PATHS</key>
				<array>
					<string>$(inherited)</string>
					<string>$(PROJECT_DIR)/DJFit</string>
					<string>$(PROJECT_DIR)</string>
				</array>
				<key>OTHER_LDFLAGS</key>
				<array>
					<string>$(inherited)</string>
					<string>-lstdc++</string>
				</array>
				<key>PRODUCT_NAME</key>
				<string>$(TARGET_NAME)</string>
				<key>PROVISIONING_PROFILE</key>
				<string></string>
			</dict>
			<key>isa</key>
			<string>XCBuildConfiguration</string>
			<key>name</key>
			<string>Debug</string>
		</dict>
		<key>900D226F1A1A91CC00A9E5EB</key>
		<dict>
			<key>baseConfigurationReference</key>
			<string>4FB270338BCAC1E98812CF39</string>
			<key>buildSettings</key>
			<dict>
				<key>ASSETCATALOG_COMPILER_APPICON_NAME</key>
				<string>AppIcon</string>
				<key>CODE_SIGN_ENTITLEMENTS</key>
				<string>DJFit/DJFit.entitlements</string>
				<key>CODE_SIGN_IDENTITY</key>
				<string>iPhone Developer</string>
				<key>CODE_SIGN_IDENTITY[sdk=iphoneos*]</key>
				<string>iPhone Developer</string>
				<key>INFOPLIST_FILE</key>
				<string>DJFit/Info.plist</string>
				<key>IPHONEOS_DEPLOYMENT_TARGET</key>
				<string>8.0</string>
				<key>LD_RUNPATH_SEARCH_PATHS</key>
				<string>$(inherited) @executable_path/Frameworks</string>
				<key>LIBRARY_SEARCH_PATHS</key>
				<array>
					<string>$(inherited)</string>
					<string>$(PROJECT_DIR)/DJFit</string>
					<string>$(PROJECT_DIR)</string>
				</array>
				<key>OTHER_LDFLAGS</key>
				<array>
					<string>$(inherited)</string>
					<string>-lstdc++</string>
				</array>
				<key>OTHER_LDFLAGS[arch=*]</key>
				<string>$(inherited)</string>
				<key>PRODUCT_NAME</key>
				<string>$(TARGET_NAME)</string>
				<key>PROVISIONING_PROFILE</key>
				<string></string>
			</dict>
			<key>isa</key>
			<string>XCBuildConfiguration</string>
			<key>name</key>
			<string>Release</string>
		</dict>
		<key>900D22701A1A91CC00A9E5EB</key>
		<dict>
			<key>buildConfigurations</key>
			<array>
				<string>900D22711A1A91CC00A9E5EB</string>
				<string>900D22721A1A91CC00A9E5EB</string>
			</array>
			<key>defaultConfigurationIsVisible</key>
			<string>0</string>
			<key>defaultConfigurationName</key>
			<string>Release</string>
			<key>isa</key>
			<string>XCConfigurationList</string>
		</dict>
		<key>900D22711A1A91CC00A9E5EB</key>
		<dict>
			<key>buildSettings</key>
			<dict>
				<key>BUNDLE_LOADER</key>
				<string>$(TEST_HOST)</string>
				<key>FRAMEWORK_SEARCH_PATHS</key>
				<array>
					<string>$(SDKROOT)/Developer/Library/Frameworks</string>
					<string>$(inherited)</string>
				</array>
				<key>GCC_PREPROCESSOR_DEFINITIONS</key>
				<array>
					<string>DEBUG=1</string>
					<string>$(inherited)</string>
				</array>
				<key>INFOPLIST_FILE</key>
				<string>DJFitTests/Info.plist</string>
				<key>LD_RUNPATH_SEARCH_PATHS</key>
				<string>$(inherited) @executable_path/Frameworks @loader_path/Frameworks</string>
				<key>PRODUCT_NAME</key>
				<string>$(TARGET_NAME)</string>
				<key>TEST_HOST</key>
				<string>$(BUILT_PRODUCTS_DIR)/DJFit.app/DJFit</string>
			</dict>
			<key>isa</key>
			<string>XCBuildConfiguration</string>
			<key>name</key>
			<string>Debug</string>
		</dict>
		<key>900D22721A1A91CC00A9E5EB</key>
		<dict>
			<key>buildSettings</key>
			<dict>
				<key>BUNDLE_LOADER</key>
				<string>$(TEST_HOST)</string>
				<key>FRAMEWORK_SEARCH_PATHS</key>
				<array>
					<string>$(SDKROOT)/Developer/Library/Frameworks</string>
					<string>$(inherited)</string>
				</array>
				<key>INFOPLIST_FILE</key>
				<string>DJFitTests/Info.plist</string>
				<key>LD_RUNPATH_SEARCH_PATHS</key>
				<string>$(inherited) @executable_path/Frameworks @loader_path/Frameworks</string>
				<key>PRODUCT_NAME</key>
				<string>$(TARGET_NAME)</string>
				<key>TEST_HOST</key>
				<string>$(BUILT_PRODUCTS_DIR)/DJFit.app/DJFit</string>
			</dict>
			<key>isa</key>
			<string>XCBuildConfiguration</string>
			<key>name</key>
			<string>Release</string>
		</dict>
		<key>900D22731A1A922E00A9E5EB</key>
		<dict>
			<key>isa</key>
			<string>PBXFileReference</string>
			<key>lastKnownFileType</key>
			<string>wrapper.framework</string>
			<key>name</key>
			<string>HealthKit.framework</string>
			<key>path</key>
			<string>System/Library/Frameworks/HealthKit.framework</string>
			<key>sourceTree</key>
			<string>SDKROOT</string>
		</dict>
		<key>900D22741A1A922E00A9E5EB</key>
		<dict>
			<key>fileRef</key>
			<string>900D22731A1A922E00A9E5EB</string>
			<key>isa</key>
			<string>PBXBuildFile</string>
		</dict>
		<key>900D22751A1A922E00A9E5EB</key>
		<dict>
			<key>isa</key>
			<string>PBXFileReference</string>
			<key>lastKnownFileType</key>
			<string>text.xml</string>
			<key>path</key>
			<string>DJFit.entitlements</string>
			<key>sourceTree</key>
			<string>&lt;group&gt;</string>
		</dict>
		<key>900D22761A1A996900A9E5EB</key>
		<dict>
			<key>fileEncoding</key>
			<string>4</string>
			<key>isa</key>
			<string>PBXFileReference</string>
			<key>lastKnownFileType</key>
			<string>sourcecode.c.h</string>
			<key>name</key>
			<string>ProfileDetailsViewController.h</string>
			<key>path</key>
			<string>DJFit/ProfileDetailsViewController.h</string>
			<key>sourceTree</key>
			<string>&lt;group&gt;</string>
		</dict>
		<key>900D22771A1A996900A9E5EB</key>
		<dict>
			<key>fileEncoding</key>
			<string>4</string>
			<key>isa</key>
			<string>PBXFileReference</string>
			<key>lastKnownFileType</key>
			<string>sourcecode.c.objc</string>
			<key>name</key>
			<string>ProfileDetailsViewController.m</string>
			<key>path</key>
			<string>DJFit/ProfileDetailsViewController.m</string>
			<key>sourceTree</key>
			<string>&lt;group&gt;</string>
		</dict>
		<key>900D22781A1A996900A9E5EB</key>
		<dict>
			<key>fileRef</key>
			<string>900D22771A1A996900A9E5EB</string>
			<key>isa</key>
			<string>PBXBuildFile</string>
		</dict>
		<key>900D22791A1A9D9500A9E5EB</key>
		<dict>
			<key>fileEncoding</key>
			<string>4</string>
			<key>isa</key>
			<string>PBXFileReference</string>
			<key>lastKnownFileType</key>
			<string>sourcecode.c.h</string>
			<key>name</key>
			<string>ProfileDetailTableTableViewController.h</string>
			<key>path</key>
			<string>DJFit/ProfileDetailTableTableViewController.h</string>
			<key>sourceTree</key>
			<string>&lt;group&gt;</string>
		</dict>
		<key>900D227A1A1A9D9500A9E5EB</key>
		<dict>
			<key>fileEncoding</key>
			<string>4</string>
			<key>isa</key>
			<string>PBXFileReference</string>
			<key>lastKnownFileType</key>
			<string>sourcecode.c.objc</string>
			<key>name</key>
			<string>ProfileDetailTableTableViewController.m</string>
			<key>path</key>
			<string>DJFit/ProfileDetailTableTableViewController.m</string>
			<key>sourceTree</key>
			<string>&lt;group&gt;</string>
		</dict>
		<key>900D227B1A1A9D9500A9E5EB</key>
		<dict>
			<key>fileRef</key>
			<string>900D227A1A1A9D9500A9E5EB</string>
			<key>isa</key>
			<string>PBXBuildFile</string>
		</dict>
		<key>900D227C1A1AAC0800A9E5EB</key>
		<dict>
			<key>fileEncoding</key>
			<string>4</string>
			<key>isa</key>
			<string>PBXFileReference</string>
			<key>lastKnownFileType</key>
			<string>sourcecode.c.h</string>
			<key>name</key>
			<string>HKHealthStore+AAPLExtensions.h</string>
			<key>path</key>
			<string>DJFit/HKHealthStore+AAPLExtensions.h</string>
			<key>sourceTree</key>
			<string>&lt;group&gt;</string>
		</dict>
		<key>900D227D1A1AAC0800A9E5EB</key>
		<dict>
			<key>fileEncoding</key>
			<string>4</string>
			<key>isa</key>
			<string>PBXFileReference</string>
			<key>lastKnownFileType</key>
			<string>sourcecode.c.objc</string>
			<key>name</key>
			<string>HKHealthStore+AAPLExtensions.m</string>
			<key>path</key>
			<string>DJFit/HKHealthStore+AAPLExtensions.m</string>
			<key>sourceTree</key>
			<string>&lt;group&gt;</string>
		</dict>
		<key>900D227E1A1AAC0800A9E5EB</key>
		<dict>
			<key>fileRef</key>
			<string>900D227D1A1AAC0800A9E5EB</string>
			<key>isa</key>
			<string>PBXBuildFile</string>
		</dict>
		<key>9041604F1A1B0A420037B130</key>
		<dict>
			<key>fileEncoding</key>
			<string>4</string>
			<key>isa</key>
			<string>PBXFileReference</string>
			<key>lastKnownFileType</key>
			<string>sourcecode.c.h</string>
			<key>path</key>
			<string>TLCoreDataStack.h</string>
			<key>sourceTree</key>
			<string>&lt;group&gt;</string>
		</dict>
		<key>904160501A1B0A420037B130</key>
		<dict>
			<key>fileEncoding</key>
			<string>4</string>
			<key>isa</key>
			<string>PBXFileReference</string>
			<key>lastKnownFileType</key>
			<string>sourcecode.c.objc</string>
			<key>path</key>
			<string>TLCoreDataStack.m</string>
			<key>sourceTree</key>
			<string>&lt;group&gt;</string>
		</dict>
		<key>904160511A1B0A420037B130</key>
		<dict>
			<key>fileRef</key>
			<string>904160501A1B0A420037B130</string>
			<key>isa</key>
			<string>PBXBuildFile</string>
		</dict>
		<key>904160561A1B0B560037B130</key>
		<dict>
			<key>isa</key>
			<string>PBXFileReference</string>
			<key>lastKnownFileType</key>
			<string>wrapper.framework</string>
			<key>name</key>
			<string>CoreData.framework</string>
			<key>path</key>
			<string>System/Library/Frameworks/CoreData.framework</string>
			<key>sourceTree</key>
			<string>SDKROOT</string>
		</dict>
		<key>904160571A1B0B560037B130</key>
		<dict>
			<key>fileRef</key>
			<string>904160561A1B0B560037B130</string>
			<key>isa</key>
			<string>PBXBuildFile</string>
		</dict>
		<key>904160581A1B0D4C0037B130</key>
		<dict>
			<key>fileEncoding</key>
			<string>4</string>
			<key>isa</key>
			<string>PBXFileReference</string>
			<key>lastKnownFileType</key>
			<string>sourcecode.c.h</string>
			<key>name</key>
			<string>Playlist.h</string>
			<key>path</key>
			<string>DJFit/Playlist.h</string>
			<key>sourceTree</key>
			<string>&lt;group&gt;</string>
		</dict>
		<key>904160591A1B0D4C0037B130</key>
		<dict>
			<key>fileEncoding</key>
			<string>4</string>
			<key>isa</key>
			<string>PBXFileReference</string>
			<key>lastKnownFileType</key>
			<string>sourcecode.c.objc</string>
			<key>name</key>
			<string>Playlist.m</string>
			<key>path</key>
			<string>DJFit/Playlist.m</string>
			<key>sourceTree</key>
			<string>&lt;group&gt;</string>
		</dict>
		<key>9041605A1A1B0D4C0037B130</key>
		<dict>
			<key>fileRef</key>
			<string>904160591A1B0D4C0037B130</string>
			<key>isa</key>
			<string>PBXBuildFile</string>
		</dict>
		<key>9041605B1A1B0D4C0037B130</key>
		<dict>
			<key>fileEncoding</key>
			<string>4</string>
			<key>isa</key>
			<string>PBXFileReference</string>
			<key>lastKnownFileType</key>
			<string>sourcecode.c.h</string>
			<key>name</key>
			<string>Song.h</string>
			<key>path</key>
			<string>DJFit/Song.h</string>
			<key>sourceTree</key>
			<string>&lt;group&gt;</string>
		</dict>
		<key>9041605C1A1B0D4C0037B130</key>
		<dict>
			<key>fileEncoding</key>
			<string>4</string>
			<key>isa</key>
			<string>PBXFileReference</string>
			<key>lastKnownFileType</key>
			<string>sourcecode.c.objc</string>
			<key>name</key>
			<string>Song.m</string>
			<key>path</key>
			<string>DJFit/Song.m</string>
			<key>sourceTree</key>
			<string>&lt;group&gt;</string>
		</dict>
		<key>9041605D1A1B0D4C0037B130</key>
		<dict>
			<key>fileRef</key>
			<string>9041605C1A1B0D4C0037B130</string>
			<key>isa</key>
			<string>PBXBuildFile</string>
		</dict>
		<key>9041605E1A1B0D4D0037B130</key>
		<dict>
			<key>fileEncoding</key>
			<string>4</string>
			<key>isa</key>
			<string>PBXFileReference</string>
			<key>lastKnownFileType</key>
			<string>sourcecode.c.h</string>
			<key>name</key>
			<string>TimeInterval.h</string>
			<key>path</key>
			<string>DJFit/TimeInterval.h</string>
			<key>sourceTree</key>
			<string>&lt;group&gt;</string>
		</dict>
		<key>9041605F1A1B0D4D0037B130</key>
		<dict>
			<key>fileEncoding</key>
			<string>4</string>
			<key>isa</key>
			<string>PBXFileReference</string>
			<key>lastKnownFileType</key>
			<string>sourcecode.c.objc</string>
			<key>name</key>
			<string>TimeInterval.m</string>
			<key>path</key>
			<string>DJFit/TimeInterval.m</string>
			<key>sourceTree</key>
			<string>&lt;group&gt;</string>
		</dict>
		<key>904160601A1B0D4D0037B130</key>
		<dict>
			<key>fileRef</key>
			<string>9041605F1A1B0D4D0037B130</string>
			<key>isa</key>
			<string>PBXBuildFile</string>
		</dict>
		<key>904160611A1B0D540037B130</key>
		<dict>
			<key>children</key>
			<array>
				<string>9041605E1A1B0D4D0037B130</string>
				<string>9041605F1A1B0D4D0037B130</string>
				<string>9041605B1A1B0D4C0037B130</string>
				<string>9041605C1A1B0D4C0037B130</string>
				<string>9087965A1A1D928100786C11</string>
				<string>904160581A1B0D4C0037B130</string>
				<string>904160591A1B0D4C0037B130</string>
				<string>90E0CC1F1A1BDC8700F73FA8</string>
				<string>90E0CC201A1BDC8700F73FA8</string>
			</array>
			<key>isa</key>
			<string>PBXGroup</string>
			<key>name</key>
			<string>Model</string>
			<key>path</key>
			<string>..</string>
			<key>sourceTree</key>
			<string>&lt;group&gt;</string>
		</dict>
		<key>904160621A1BB5380037B130</key>
		<dict>
			<key>isa</key>
			<string>PBXFileReference</string>
			<key>lastKnownFileType</key>
			<string>wrapper.framework</string>
			<key>name</key>
			<string>Accelerate.framework</string>
			<key>path</key>
			<string>System/Library/Frameworks/Accelerate.framework</string>
			<key>sourceTree</key>
			<string>SDKROOT</string>
		</dict>
		<key>904160631A1BB5380037B130</key>
		<dict>
			<key>fileRef</key>
			<string>904160621A1BB5380037B130</string>
			<key>isa</key>
			<string>PBXBuildFile</string>
		</dict>
		<key>904160641A1BB53D0037B130</key>
		<dict>
			<key>isa</key>
			<string>PBXFileReference</string>
			<key>lastKnownFileType</key>
			<string>wrapper.framework</string>
			<key>name</key>
			<string>CFNetwork.framework</string>
			<key>path</key>
			<string>System/Library/Frameworks/CFNetwork.framework</string>
			<key>sourceTree</key>
			<string>SDKROOT</string>
		</dict>
		<key>904160651A1BB53D0037B130</key>
		<dict>
			<key>fileRef</key>
			<string>904160641A1BB53D0037B130</string>
			<key>isa</key>
			<string>PBXBuildFile</string>
		</dict>
		<key>904160661A1BB54A0037B130</key>
		<dict>
			<key>isa</key>
			<string>PBXFileReference</string>
			<key>lastKnownFileType</key>
			<string>wrapper.framework</string>
			<key>name</key>
			<string>SystemConfiguration.framework</string>
			<key>path</key>
			<string>System/Library/Frameworks/SystemConfiguration.framework</string>
			<key>sourceTree</key>
			<string>SDKROOT</string>
		</dict>
		<key>904160671A1BB54A0037B130</key>
		<dict>
			<key>fileRef</key>
			<string>904160661A1BB54A0037B130</string>
			<key>isa</key>
			<string>PBXBuildFile</string>
		</dict>
		<key>904160681A1BB5500037B130</key>
		<dict>
			<key>isa</key>
			<string>PBXFileReference</string>
			<key>lastKnownFileType</key>
			<string>wrapper.framework</string>
			<key>name</key>
			<string>AudioToolbox.framework</string>
			<key>path</key>
			<string>System/Library/Frameworks/AudioToolbox.framework</string>
			<key>sourceTree</key>
			<string>SDKROOT</string>
		</dict>
		<key>904160691A1BB5500037B130</key>
		<dict>
			<key>fileRef</key>
			<string>904160681A1BB5500037B130</string>
			<key>isa</key>
			<string>PBXBuildFile</string>
		</dict>
		<key>9041606A1A1BB5570037B130</key>
		<dict>
			<key>isa</key>
			<string>PBXFileReference</string>
			<key>lastKnownFileType</key>
			<string>wrapper.framework</string>
			<key>name</key>
			<string>AVFoundation.framework</string>
			<key>path</key>
			<string>System/Library/Frameworks/AVFoundation.framework</string>
			<key>sourceTree</key>
			<string>SDKROOT</string>
		</dict>
		<key>9041606B1A1BB5570037B130</key>
		<dict>
			<key>fileRef</key>
			<string>9041606A1A1BB5570037B130</string>
			<key>isa</key>
			<string>PBXBuildFile</string>
		</dict>
		<key>9041606C1A1BB55D0037B130</key>
		<dict>
			<key>isa</key>
			<string>PBXFileReference</string>
			<key>lastKnownFileType</key>
			<string>wrapper.framework</string>
			<key>name</key>
			<string>MediaPlayer.framework</string>
			<key>path</key>
			<string>System/Library/Frameworks/MediaPlayer.framework</string>
			<key>sourceTree</key>
			<string>SDKROOT</string>
		</dict>
		<key>9041606D1A1BB55D0037B130</key>
		<dict>
			<key>fileRef</key>
			<string>9041606C1A1BB55D0037B130</string>
			<key>isa</key>
			<string>PBXBuildFile</string>
		</dict>
		<key>9041606E1A1BB5660037B130</key>
		<dict>
			<key>isa</key>
			<string>PBXFileReference</string>
			<key>lastKnownFileType</key>
			<string>wrapper.framework</string>
			<key>name</key>
			<string>CoreMedia.framework</string>
			<key>path</key>
			<string>System/Library/Frameworks/CoreMedia.framework</string>
			<key>sourceTree</key>
			<string>SDKROOT</string>
		</dict>
		<key>9041606F1A1BB5660037B130</key>
		<dict>
			<key>fileRef</key>
			<string>9041606E1A1BB5660037B130</string>
			<key>isa</key>
			<string>PBXBuildFile</string>
		</dict>
		<key>904160701A1BB5780037B130</key>
		<dict>
			<key>isa</key>
			<string>PBXFileReference</string>
			<key>lastKnownFileType</key>
			<string>archive.ar</string>
			<key>name</key>
			<string>libbass.a</string>
			<key>path</key>
			<string>DJFit/libbass.a</string>
			<key>sourceTree</key>
			<string>&lt;group&gt;</string>
		</dict>
		<key>904160711A1BB5780037B130</key>
		<dict>
			<key>fileRef</key>
			<string>904160701A1BB5780037B130</string>
			<key>isa</key>
			<string>PBXBuildFile</string>
		</dict>
		<key>904160721A1BB58C0037B130</key>
		<dict>
			<key>isa</key>
			<string>PBXFileReference</string>
			<key>lastKnownFileType</key>
			<string>archive.ar</string>
			<key>path</key>
			<string>libbass_fx.a</string>
			<key>sourceTree</key>
			<string>&lt;group&gt;</string>
		</dict>
		<key>904160731A1BB58C0037B130</key>
		<dict>
			<key>fileEncoding</key>
			<string>4</string>
			<key>isa</key>
			<string>PBXFileReference</string>
			<key>lastKnownFileType</key>
			<string>sourcecode.c.h</string>
			<key>path</key>
			<string>bass.h</string>
			<key>sourceTree</key>
			<string>&lt;group&gt;</string>
		</dict>
		<key>904160741A1BB58C0037B130</key>
		<dict>
			<key>fileEncoding</key>
			<string>4</string>
			<key>isa</key>
			<string>PBXFileReference</string>
			<key>lastKnownFileType</key>
			<string>sourcecode.c.h</string>
			<key>path</key>
			<string>bassfx.h</string>
			<key>sourceTree</key>
			<string>&lt;group&gt;</string>
		</dict>
		<key>904160751A1BB58C0037B130</key>
		<dict>
			<key>fileRef</key>
			<string>904160721A1BB58C0037B130</string>
			<key>isa</key>
			<string>PBXBuildFile</string>
		</dict>
		<key>904160761A1BB5E50037B130</key>
		<dict>
			<key>children</key>
			<array>
				<string>904160721A1BB58C0037B130</string>
				<string>904160731A1BB58C0037B130</string>
				<string>904160741A1BB58C0037B130</string>
				<string>904160701A1BB5780037B130</string>
			</array>
			<key>isa</key>
			<string>PBXGroup</string>
			<key>name</key>
			<string>Bass</string>
			<key>path</key>
			<string>..</string>
			<key>sourceTree</key>
			<string>&lt;group&gt;</string>
		</dict>
		<key>90671DB81A218B2100CBBE26</key>
		<dict>
			<key>fileEncoding</key>
			<string>4</string>
			<key>isa</key>
			<string>PBXFileReference</string>
			<key>lastKnownFileType</key>
			<string>sourcecode.c.h</string>
			<key>path</key>
			<string>AddTimeWorkoutTableViewController.h</string>
			<key>sourceTree</key>
			<string>&lt;group&gt;</string>
		</dict>
		<key>90671DB91A218B2100CBBE26</key>
		<dict>
			<key>fileEncoding</key>
			<string>4</string>
			<key>isa</key>
			<string>PBXFileReference</string>
			<key>lastKnownFileType</key>
			<string>sourcecode.c.objc</string>
			<key>path</key>
			<string>AddTimeWorkoutTableViewController.m</string>
			<key>sourceTree</key>
			<string>&lt;group&gt;</string>
		</dict>
		<key>90671DBA1A218B2100CBBE26</key>
		<dict>
			<key>fileRef</key>
			<string>90671DB91A218B2100CBBE26</string>
			<key>isa</key>
			<string>PBXBuildFile</string>
		</dict>
		<key>908796551A1CF9CB00786C11</key>
		<dict>
			<key>isa</key>
			<string>PBXFileReference</string>
			<key>lastKnownFileType</key>
			<string>wrapper.framework</string>
			<key>name</key>
			<string>QuartzCore.framework</string>
			<key>path</key>
			<string>System/Library/Frameworks/QuartzCore.framework</string>
			<key>sourceTree</key>
			<string>SDKROOT</string>
		</dict>
		<key>908796561A1CF9CB00786C11</key>
		<dict>
			<key>fileRef</key>
			<string>908796551A1CF9CB00786C11</string>
			<key>isa</key>
			<string>PBXBuildFile</string>
		</dict>
		<key>908796571A1D345B00786C11</key>
		<dict>
			<key>fileEncoding</key>
			<string>4</string>
			<key>isa</key>
			<string>PBXFileReference</string>
			<key>lastKnownFileType</key>
			<string>sourcecode.c.h</string>
			<key>name</key>
			<string>AVQueuePlayerPrevious.h</string>
			<key>path</key>
			<string>DJFit/AVQueuePlayerPrevious.h</string>
			<key>sourceTree</key>
			<string>&lt;group&gt;</string>
		</dict>
		<key>908796581A1D345B00786C11</key>
		<dict>
			<key>fileEncoding</key>
			<string>4</string>
			<key>isa</key>
			<string>PBXFileReference</string>
			<key>lastKnownFileType</key>
			<string>sourcecode.c.objc</string>
			<key>name</key>
			<string>AVQueuePlayerPrevious.m</string>
			<key>path</key>
			<string>DJFit/AVQueuePlayerPrevious.m</string>
			<key>sourceTree</key>
			<string>&lt;group&gt;</string>
		</dict>
		<key>908796591A1D345B00786C11</key>
		<dict>
			<key>fileRef</key>
			<string>908796581A1D345B00786C11</string>
			<key>isa</key>
			<string>PBXBuildFile</string>
		</dict>
		<key>9087965A1A1D928100786C11</key>
		<dict>
			<key>fileEncoding</key>
			<string>4</string>
			<key>isa</key>
			<string>PBXFileReference</string>
			<key>lastKnownFileType</key>
			<string>text.plist.xml</string>
			<key>path</key>
			<string>TreadmillBPMTable.plist</string>
			<key>sourceTree</key>
			<string>&lt;group&gt;</string>
		</dict>
		<key>9087965B1A1D928100786C11</key>
		<dict>
			<key>fileRef</key>
			<string>9087965A1A1D928100786C11</string>
			<key>isa</key>
			<string>PBXBuildFile</string>
		</dict>
		<key>9087D5CB1A1ACFE300C3C5BD</key>
		<dict>
			<key>fileEncoding</key>
			<string>4</string>
			<key>isa</key>
			<string>PBXFileReference</string>
			<key>lastKnownFileType</key>
			<string>sourcecode.c.h</string>
			<key>path</key>
			<string>WorkoutViewController.h</string>
			<key>sourceTree</key>
			<string>&lt;group&gt;</string>
		</dict>
		<key>9087D5CC1A1ACFE300C3C5BD</key>
		<dict>
			<key>fileEncoding</key>
			<string>4</string>
			<key>isa</key>
			<string>PBXFileReference</string>
			<key>lastKnownFileType</key>
			<string>sourcecode.c.objc</string>
			<key>path</key>
			<string>WorkoutViewController.m</string>
			<key>sourceTree</key>
			<string>&lt;group&gt;</string>
		</dict>
		<key>9087D5CD1A1ACFE300C3C5BD</key>
		<dict>
			<key>fileRef</key>
			<string>9087D5CC1A1ACFE300C3C5BD</string>
			<key>isa</key>
			<string>PBXBuildFile</string>
		</dict>
		<key>9087D5CE1A1AD02A00C3C5BD</key>
		<dict>
			<key>fileEncoding</key>
			<string>4</string>
			<key>isa</key>
			<string>PBXFileReference</string>
			<key>lastKnownFileType</key>
			<string>sourcecode.c.h</string>
			<key>path</key>
			<string>WorkoutsCollectionViewController.h</string>
			<key>sourceTree</key>
			<string>&lt;group&gt;</string>
		</dict>
		<key>9087D5CF1A1AD02A00C3C5BD</key>
		<dict>
			<key>fileEncoding</key>
			<string>4</string>
			<key>isa</key>
			<string>PBXFileReference</string>
			<key>lastKnownFileType</key>
			<string>sourcecode.c.objc</string>
			<key>path</key>
			<string>WorkoutsCollectionViewController.m</string>
			<key>sourceTree</key>
			<string>&lt;group&gt;</string>
		</dict>
		<key>9087D5D01A1AD02A00C3C5BD</key>
		<dict>
			<key>fileRef</key>
			<string>9087D5CF1A1AD02A00C3C5BD</string>
			<key>isa</key>
			<string>PBXBuildFile</string>
		</dict>
		<key>9087D5D71A1AED7100C3C5BD</key>
		<dict>
			<key>fileEncoding</key>
			<string>4</string>
			<key>isa</key>
			<string>PBXFileReference</string>
			<key>lastKnownFileType</key>
			<string>sourcecode.c.h</string>
			<key>path</key>
			<string>AddWorkoutDataViewController.h</string>
			<key>sourceTree</key>
			<string>&lt;group&gt;</string>
		</dict>
		<key>9087D5D81A1AED7100C3C5BD</key>
		<dict>
			<key>fileEncoding</key>
			<string>4</string>
			<key>isa</key>
			<string>PBXFileReference</string>
			<key>lastKnownFileType</key>
			<string>sourcecode.c.objc</string>
			<key>path</key>
			<string>AddWorkoutDataViewController.m</string>
			<key>sourceTree</key>
			<string>&lt;group&gt;</string>
		</dict>
		<key>9087D5D91A1AED7100C3C5BD</key>
		<dict>
			<key>fileRef</key>
			<string>9087D5D81A1AED7100C3C5BD</string>
			<key>isa</key>
			<string>PBXBuildFile</string>
		</dict>
		<key>9087D5DA1A1AED8100C3C5BD</key>
		<dict>
			<key>children</key>
			<array>
				<string>900D22791A1A9D9500A9E5EB</string>
				<string>900D227A1A1A9D9500A9E5EB</string>
				<string>900D22761A1A996900A9E5EB</string>
				<string>900D22771A1A996900A9E5EB</string>
				<string>900D227C1A1AAC0800A9E5EB</string>
				<string>900D227D1A1AAC0800A9E5EB</string>
			</array>
			<key>isa</key>
			<string>PBXGroup</string>
			<key>name</key>
			<string>ProfileView</string>
			<key>path</key>
			<string>..</string>
			<key>sourceTree</key>
			<string>&lt;group&gt;</string>
		</dict>
		<key>908D36AE1A1E703B0003F18E</key>
		<dict>
			<key>fileEncoding</key>
			<string>4</string>
			<key>isa</key>
			<string>PBXFileReference</string>
			<key>lastKnownFileType</key>
			<string>sourcecode.c.h</string>
			<key>path</key>
			<string>PlaylistsTableViewController.h</string>
			<key>sourceTree</key>
			<string>&lt;group&gt;</string>
		</dict>
		<key>908D36AF1A1E703B0003F18E</key>
		<dict>
			<key>fileEncoding</key>
			<string>4</string>
			<key>isa</key>
			<string>PBXFileReference</string>
			<key>lastKnownFileType</key>
			<string>sourcecode.c.objc</string>
			<key>path</key>
			<string>PlaylistsTableViewController.m</string>
			<key>sourceTree</key>
			<string>&lt;group&gt;</string>
		</dict>
		<key>908D36B01A1E703B0003F18E</key>
		<dict>
			<key>fileRef</key>
			<string>908D36AF1A1E703B0003F18E</string>
			<key>isa</key>
			<string>PBXBuildFile</string>
		</dict>
		<key>90CBF4AB1A1AC0860029EFE2</key>
		<dict>
			<key>fileEncoding</key>
			<string>4</string>
			<key>isa</key>
			<string>PBXFileReference</string>
			<key>lastKnownFileType</key>
			<string>sourcecode.c.h</string>
			<key>path</key>
			<string>WorkoutTypeCollectionViewCell.h</string>
			<key>sourceTree</key>
			<string>&lt;group&gt;</string>
		</dict>
		<key>90CBF4AC1A1AC0860029EFE2</key>
		<dict>
			<key>fileEncoding</key>
			<string>4</string>
			<key>isa</key>
			<string>PBXFileReference</string>
			<key>lastKnownFileType</key>
			<string>sourcecode.c.objc</string>
			<key>path</key>
			<string>WorkoutTypeCollectionViewCell.m</string>
			<key>sourceTree</key>
			<string>&lt;group&gt;</string>
		</dict>
		<key>90CBF4AD1A1AC0860029EFE2</key>
		<dict>
			<key>fileRef</key>
			<string>90CBF4AC1A1AC0860029EFE2</string>
			<key>isa</key>
			<string>PBXBuildFile</string>
		</dict>
		<key>90CBF4AE1A1AC6760029EFE2</key>
		<dict>
			<key>fileEncoding</key>
			<string>4</string>
			<key>isa</key>
			<string>PBXFileReference</string>
			<key>lastKnownFileType</key>
			<string>text</string>
			<key>name</key>
			<string>Podfile</string>
			<key>path</key>
			<string>DJFit/Podfile</string>
			<key>sourceTree</key>
			<string>&lt;group&gt;</string>
		</dict>
		<key>90CBF4AF1A1AC6760029EFE2</key>
		<dict>
			<key>fileRef</key>
			<string>90CBF4AE1A1AC6760029EFE2</string>
			<key>isa</key>
			<string>PBXBuildFile</string>
		</dict>
		<key>90D3991F1A1E7B5200960359</key>
		<dict>
			<key>fileEncoding</key>
			<string>4</string>
			<key>isa</key>
			<string>PBXFileReference</string>
			<key>lastKnownFileType</key>
			<string>sourcecode.c.h</string>
			<key>path</key>
			<string>AddWorkoutCollectionViewCell.h</string>
			<key>sourceTree</key>
			<string>&lt;group&gt;</string>
		</dict>
		<key>90D399201A1E7B5200960359</key>
		<dict>
			<key>fileEncoding</key>
			<string>4</string>
			<key>isa</key>
			<string>PBXFileReference</string>
			<key>lastKnownFileType</key>
			<string>sourcecode.c.objc</string>
			<key>path</key>
			<string>AddWorkoutCollectionViewCell.m</string>
			<key>sourceTree</key>
			<string>&lt;group&gt;</string>
		</dict>
		<key>90D399211A1E7B5200960359</key>
		<dict>
			<key>fileRef</key>
			<string>90D399201A1E7B5200960359</string>
			<key>isa</key>
			<string>PBXBuildFile</string>
		</dict>
		<key>90E0CC1C1A1BD34800F73FA8</key>
		<dict>
			<key>fileEncoding</key>
			<string>4</string>
			<key>isa</key>
			<string>PBXFileReference</string>
			<key>lastKnownFileType</key>
			<string>sourcecode.c.h</string>
			<key>path</key>
			<string>PlayWorkoutViewController.h</string>
			<key>sourceTree</key>
			<string>&lt;group&gt;</string>
		</dict>
		<key>90E0CC1D1A1BD34800F73FA8</key>
		<dict>
			<key>fileEncoding</key>
			<string>4</string>
			<key>isa</key>
			<string>PBXFileReference</string>
			<key>lastKnownFileType</key>
			<string>sourcecode.c.objc</string>
			<key>path</key>
			<string>PlayWorkoutViewController.m</string>
			<key>sourceTree</key>
			<string>&lt;group&gt;</string>
		</dict>
		<key>90E0CC1E1A1BD34800F73FA8</key>
		<dict>
			<key>fileRef</key>
			<string>90E0CC1D1A1BD34800F73FA8</string>
			<key>isa</key>
			<string>PBXBuildFile</string>
		</dict>
		<key>90E0CC1F1A1BDC8700F73FA8</key>
		<dict>
			<key>fileEncoding</key>
			<string>4</string>
			<key>isa</key>
			<string>PBXFileReference</string>
			<key>lastKnownFileType</key>
			<string>sourcecode.c.h</string>
			<key>name</key>
			<string>Workout.h</string>
			<key>path</key>
			<string>DJFit/Workout.h</string>
			<key>sourceTree</key>
			<string>&lt;group&gt;</string>
		</dict>
		<key>90E0CC201A1BDC8700F73FA8</key>
		<dict>
			<key>fileEncoding</key>
			<string>4</string>
			<key>isa</key>
			<string>PBXFileReference</string>
			<key>lastKnownFileType</key>
			<string>sourcecode.c.objc</string>
			<key>name</key>
			<string>Workout.m</string>
			<key>path</key>
			<string>DJFit/Workout.m</string>
			<key>sourceTree</key>
			<string>&lt;group&gt;</string>
		</dict>
		<key>90E0CC211A1BDC8700F73FA8</key>
		<dict>
			<key>fileRef</key>
			<string>90E0CC201A1BDC8700F73FA8</string>
			<key>isa</key>
			<string>PBXBuildFile</string>
		</dict>
		<key>90E0CC221A1BE59800F73FA8</key>
		<dict>
			<key>fileEncoding</key>
			<string>4</string>
			<key>isa</key>
			<string>PBXFileReference</string>
			<key>lastKnownFileType</key>
			<string>sourcecode.c.h</string>
			<key>path</key>
			<string>MusicPickerViewController.h</string>
			<key>sourceTree</key>
			<string>&lt;group&gt;</string>
		</dict>
		<key>90E0CC231A1BE59800F73FA8</key>
		<dict>
			<key>fileEncoding</key>
			<string>4</string>
			<key>isa</key>
			<string>PBXFileReference</string>
			<key>lastKnownFileType</key>
			<string>sourcecode.c.objc</string>
			<key>path</key>
			<string>MusicPickerViewController.m</string>
			<key>sourceTree</key>
			<string>&lt;group&gt;</string>
		</dict>
		<key>90E0CC241A1BE59800F73FA8</key>
		<dict>
			<key>fileRef</key>
			<string>90E0CC231A1BE59800F73FA8</string>
			<key>isa</key>
			<string>PBXBuildFile</string>
		</dict>
		<key>90E89AC31A22A1CE0096FCDB</key>
		<dict>
			<key>fileEncoding</key>
			<string>4</string>
			<key>isa</key>
			<string>PBXFileReference</string>
			<key>lastKnownFileType</key>
			<string>sourcecode.c.h</string>
			<key>path</key>
			<string>WorkoutCollectionViewFlowLayout.h</string>
			<key>sourceTree</key>
			<string>&lt;group&gt;</string>
		</dict>
		<key>90E89AC41A22A1CE0096FCDB</key>
		<dict>
			<key>fileEncoding</key>
			<string>4</string>
			<key>isa</key>
			<string>PBXFileReference</string>
			<key>lastKnownFileType</key>
			<string>sourcecode.c.objc</string>
			<key>path</key>
			<string>WorkoutCollectionViewFlowLayout.m</string>
			<key>sourceTree</key>
			<string>&lt;group&gt;</string>
		</dict>
		<key>90E89AC51A22A1CE0096FCDB</key>
		<dict>
			<key>fileRef</key>
			<string>90E89AC41A22A1CE0096FCDB</string>
			<key>isa</key>
			<string>PBXBuildFile</string>
		</dict>
		<key>90E89AC91A22E0300096FCDB</key>
		<dict>
			<key>fileEncoding</key>
			<string>4</string>
			<key>isa</key>
			<string>PBXFileReference</string>
			<key>lastKnownFileType</key>
			<string>sourcecode.c.h</string>
			<key>name</key>
			<string>SimpleBarChart.h</string>
			<key>path</key>
			<string>Pods/SimpleBarChart.h</string>
			<key>sourceTree</key>
			<string>&lt;group&gt;</string>
		</dict>
		<key>90E89ACA1A22E0300096FCDB</key>
		<dict>
			<key>fileEncoding</key>
			<string>4</string>
			<key>isa</key>
			<string>PBXFileReference</string>
			<key>lastKnownFileType</key>
			<string>sourcecode.c.objc</string>
			<key>name</key>
			<string>SimpleBarChart.m</string>
			<key>path</key>
			<string>Pods/SimpleBarChart.m</string>
			<key>sourceTree</key>
			<string>&lt;group&gt;</string>
		</dict>
		<key>90E89ACB1A22E0300096FCDB</key>
		<dict>
			<key>fileRef</key>
			<string>90E89ACA1A22E0300096FCDB</string>
			<key>isa</key>
			<string>PBXBuildFile</string>
		</dict>
		<key>9194DB313DE51473F899526D</key>
		<dict>
			<key>explicitFileType</key>
			<string>archive.ar</string>
			<key>includeInIndex</key>
			<string>0</string>
			<key>isa</key>
			<string>PBXFileReference</string>
			<key>path</key>
			<string>libPods.a</string>
			<key>sourceTree</key>
			<string>BUILT_PRODUCTS_DIR</string>
		</dict>
		<key>9A9FCA203229A2FFFE533325</key>
		<dict>
			<key>buildActionMask</key>
			<string>2147483647</string>
			<key>files</key>
			<array/>
			<key>inputPaths</key>
			<array/>
			<key>isa</key>
			<string>PBXShellScriptBuildPhase</string>
			<key>name</key>
			<string>Copy Pods Resources</string>
			<key>outputPaths</key>
			<array/>
			<key>runOnlyForDeploymentPostprocessing</key>
			<string>0</string>
			<key>shellPath</key>
			<string>/bin/sh</string>
			<key>shellScript</key>
			<string>"${SRCROOT}/Pods/Target Support Files/Pods/Pods-resources.sh"
</string>
			<key>showEnvVarsInLog</key>
			<string>0</string>
		</dict>
		<key>AF9FBD5A3FCECAC31671FD14</key>
		<dict>
			<key>includeInIndex</key>
			<string>1</string>
			<key>isa</key>
			<string>PBXFileReference</string>
			<key>lastKnownFileType</key>
			<string>text.xcconfig</string>
			<key>name</key>
			<string>Pods.debug.xcconfig</string>
			<key>path</key>
			<string>Pods/Target Support Files/Pods/Pods.debug.xcconfig</string>
			<key>sourceTree</key>
			<string>&lt;group&gt;</string>
		</dict>
		<key>B75CEC059837364CAE33A9FE</key>
		<dict>
			<key>includeInIndex</key>
			<string>1</string>
			<key>isa</key>
			<string>PBXFileReference</string>
			<key>lastKnownFileType</key>
			<string>text.xcconfig</string>
			<key>name</key>
			<string>Pods-DJFit.debug.xcconfig</string>
			<key>path</key>
			<string>Pods/Target Support Files/Pods-DJFit/Pods-DJFit.debug.xcconfig</string>
			<key>sourceTree</key>
			<string>&lt;group&gt;</string>
		</dict>
		<key>F068469F1A848B4C48500388</key>
		<dict>
			<key>fileRef</key>
			<string>9194DB313DE51473F899526D</string>
			<key>isa</key>
			<string>PBXBuildFile</string>
		</dict>
	</dict>
	<key>rootObject</key>
	<string>900D223F1A1A91CB00A9E5EB</string>
</dict>
</plist>
